
Microsoft Visual Studio Solution File, Format Version 12.00
# Visual Studio Version 17
VisualStudioVersion = 17.12.35707.178 d17.12
MinimumVisualStudioVersion = 10.0.40219.1
Project("{FAE04EC0-301F-11D3-BF4B-00C04F79EFBC}") = "Solara", "Solara\Solara.csproj", "{146DEE1D-A2CB-4C6F-AF1B-8135DAAE6D9F}"
EndProject
Global
	GlobalSection(SolutionConfigurationPlatforms) = preSolution
		Debug|x64 = Debug|x64
		Release|x64 = Release|x64
	EndGlobalSection
	GlobalSection(ProjectConfigurationPlatforms) = postSolution
		{146DEE1D-A2CB-4C6F-AF1B-8135DAAE6D9F}.Debug|x64.ActiveCfg = Debug|x64
		{146DEE1D-A2CB-4C6F-AF1B-8135DAAE6D9F}.Debug|x64.Build.0 = Debug|x64
		{146DEE1D-A2CB-4C6F-AF1B-8135DAAE6D9F}.Release|x64.ActiveCfg = Release|x64
		{146DEE1D-A2CB-4C6F-AF1B-8135DAAE6D9F}.Release|x64.Build.0 = Release|x64
	EndGlobalSection
	GlobalSection(SolutionProperties) = preSolution
		HideSolutionNode = FALSE
	EndGlobalSection
	GlobalSection(ExtensibilityGlobals) = postSolution
		SolutionGuid = {CE1CD873-1367-420E-9E02-5BBA15ABD872}
	EndGlobalSection
EndGlobal
